// !$*UTF8*$!
{
	archiveVersion = 1;
	classes = {
	};
	objectVersion = 56;
	objects = {

/* Begin PBXBuildFile section */
		246F4F212B29C47E003ABDF3 /* Solution_5_2App.swift in Sources */ = {isa = PBXBuildFile; fileRef = 246F4F202B29C47E003ABDF3 /* Solution_5_2App.swift */; };
		246F4F232B29C47E003ABDF3 /* ContentView.swift in Sources */ = {isa = PBXBuildFile; fileRef = 246F4F222B29C47E003ABDF3 /* ContentView.swift */; };
		246F4F252B29C480003ABDF3 /* Assets.xcassets in Resources */ = {isa = PBXBuildFile; fileRef = 246F4F242B29C480003ABDF3 /* Assets.xcassets */; };
		246F4F282B29C480003ABDF3 /* Preview Assets.xcassets in Resources */ = {isa = PBXBuildFile; fileRef = 246F4F272B29C480003ABDF3 /* Preview Assets.xcassets */; };
		24BEA0AB2B2C8F04002F956D /* UserResponse.swift in Sources */ = {isa = PBXBuildFile; fileRef = 24BEA0AA2B2C8F04002F956D /* UserResponse.swift */; };
		24BEA0AD2B2C8F25002F956D /* Data.swift in Sources */ = {isa = PBXBuildFile; fileRef = 24BEA0AC2B2C8F25002F956D /* Data.swift */; };
		24BEA0B02B2C8F5B002F956D /* TopView.swift in Sources */ = {isa = PBXBuildFile; fileRef = 24BEA0AF2B2C8F5B002F956D /* TopView.swift */; };
		24BEA0B22B2C8F85002F956D /* Cell.swift in Sources */ = {isa = PBXBuildFile; fileRef = 24BEA0B12B2C8F85002F956D /* Cell.swift */; };
		24BEA0B52B2C8FD0002F956D /* userModelData.json in Resources */ = {isa = PBXBuildFile; fileRef = 24BEA0B42B2C8FD0002F956D /* userModelData.json */; };
		24BEA0B72B2C9038002F956D /* NewTableView.swift in Sources */ = {isa = PBXBuildFile; fileRef = 24BEA0B62B2C9038002F956D /* NewTableView.swift */; };
/* End PBXBuildFile section */

/* Begin PBXFileReference section */
		246F4F1D2B29C47E003ABDF3 /* Solution_5.2.app */ = {isa = PBXFileReference; explicitFileType = wrapper.application; includeInIndex = 0; path = Solution_5.2.app; sourceTree = BUILT_PRODUCTS_DIR; };
		246F4F202B29C47E003ABDF3 /* Solution_5_2App.swift */ = {isa = PBXFileReference; lastKnownFileType = sourcecode.swift; path = Solution_5_2App.swift; sourceTree = "<group>"; };
		246F4F222B29C47E003ABDF3 /* ContentView.swift */ = {isa = PBXFileReference; lastKnownFileType = sourcecode.swift; path = ContentView.swift; sourceTree = "<group>"; };
		246F4F242B29C480003ABDF3 /* Assets.xcassets */ = {isa = PBXFileReference; lastKnownFileType = folder.assetcatalog; path = Assets.xcassets; sourceTree = "<group>"; };
		246F4F272B29C480003ABDF3 /* Preview Assets.xcassets */ = {isa = PBXFileReference; lastKnownFileType = folder.assetcatalog; path = "Preview Assets.xcassets"; sourceTree = "<group>"; };
		24BEA0AA2B2C8F04002F956D /* UserResponse.swift */ = {isa = PBXFileReference; lastKnownFileType = sourcecode.swift; path = UserResponse.swift; sourceTree = "<group>"; };
		24BEA0AC2B2C8F25002F956D /* Data.swift */ = {isa = PBXFileReference; lastKnownFileType = sourcecode.swift; path = Data.swift; sourceTree = "<group>"; };
		24BEA0AF2B2C8F5B002F956D /* TopView.swift */ = {isa = PBXFileReference; lastKnownFileType = sourcecode.swift; path = TopView.swift; sourceTree = "<group>"; };
		24BEA0B12B2C8F85002F956D /* Cell.swift */ = {isa = PBXFileReference; lastKnownFileType = sourcecode.swift; path = Cell.swift; sourceTree = "<group>"; };
		24BEA0B42B2C8FD0002F956D /* userModelData.json */ = {isa = PBXFileReference; lastKnownFileType = text.json; path = userModelData.json; sourceTree = "<group>"; };
		24BEA0B62B2C9038002F956D /* NewTableView.swift */ = {isa = PBXFileReference; lastKnownFileType = sourcecode.swift; path = NewTableView.swift; sourceTree = "<group>"; };
/* End PBXFileReference section */

/* Begin PBXFrameworksBuildPhase section */
		246F4F1A2B29C47E003ABDF3 /* Frameworks */ = {
			isa = PBXFrameworksBuildPhase;
			buildActionMask = 2147483647;
			files = (
			);
			runOnlyForDeploymentPostprocessing = 0;
		};
/* End PBXFrameworksBuildPhase section */

/* Begin PBXGroup section */
		246F4F142B29C47E003ABDF3 = {
			isa = PBXGroup;
			children = (
				246F4F1F2B29C47E003ABDF3 /* Solution_5.2 */,
				246F4F1E2B29C47E003ABDF3 /* Products */,
			);
			sourceTree = "<group>";
		};
		246F4F1E2B29C47E003ABDF3 /* Products */ = {
			isa = PBXGroup;
			children = (
				246F4F1D2B29C47E003ABDF3 /* Solution_5.2.app */,
			);
			name = Products;
			sourceTree = "<group>";
		};
		246F4F1F2B29C47E003ABDF3 /* Solution_5.2 */ = {
			isa = PBXGroup;
			children = (
				246F4F202B29C47E003ABDF3 /* Solution_5_2App.swift */,
				246F4F222B29C47E003ABDF3 /* ContentView.swift */,
				24BEA0A92B2C8EE8002F956D /* Models */,
				24BEA0AE2B2C8F40002F956D /* List */,
				24BEA0B32B2C8F9D002F956D /* Resourses */,
				246F4F242B29C480003ABDF3 /* Assets.xcassets */,
				246F4F262B29C480003ABDF3 /* Preview Content */,
			);
			path = Solution_5.2;
			sourceTree = "<group>";
		};
		246F4F262B29C480003ABDF3 /* Preview Content */ = {
			isa = PBXGroup;
			children = (
				246F4F272B29C480003ABDF3 /* Preview Assets.xcassets */,
			);
			path = "Preview Content";
			sourceTree = "<group>";
		};
		24BEA0A92B2C8EE8002F956D /* Models */ = {
			isa = PBXGroup;
			children = (
				24BEA0AA2B2C8F04002F956D /* UserResponse.swift */,
				24BEA0AC2B2C8F25002F956D /* Data.swift */,
			);
			path = Models;
			sourceTree = "<group>";
		};
		24BEA0AE2B2C8F40002F956D /* List */ = {
			isa = PBXGroup;
			children = (
				24BEA0B62B2C9038002F956D /* NewTableView.swift */,
				24BEA0AF2B2C8F5B002F956D /* TopView.swift */,
				24BEA0B12B2C8F85002F956D /* Cell.swift */,
			);
			path = List;
			sourceTree = "<group>";
		};
		24BEA0B32B2C8F9D002F956D /* Resourses */ = {
			isa = PBXGroup;
			children = (
				24BEA0B42B2C8FD0002F956D /* userModelData.json */,
			);
			path = Resourses;
			sourceTree = "<group>";
		};
/* End PBXGroup section */

/* Begin PBXNativeTarget section */
		246F4F1C2B29C47E003ABDF3 /* Solution_5.2 */ = {
			isa = PBXNativeTarget;
			buildConfigurationList = 246F4F2B2B29C480003ABDF3 /* Build configuration list for PBXNativeTarget "Solution_5.2" */;
			buildPhases = (
				246F4F192B29C47E003ABDF3 /* Sources */,
				246F4F1A2B29C47E003ABDF3 /* Frameworks */,
				246F4F1B2B29C47E003ABDF3 /* Resources */,
			);
			buildRules = (
			);
			dependencies = (
			);
			name = Solution_5.2;
			productName = Solution_5.2;
			productReference = 246F4F1D2B29C47E003ABDF3 /* Solution_5.2.app */;
			productType = "com.apple.product-type.application";
		};
/* End PBXNativeTarget section */

/* Begin PBXProject section */
		246F4F152B29C47E003ABDF3 /* Project object */ = {
			isa = PBXProject;
			attributes = {
				BuildIndependentTargetsInParallel = 1;
				LastSwiftUpdateCheck = 1500;
				LastUpgradeCheck = 1500;
				TargetAttributes = {
					246F4F1C2B29C47E003ABDF3 = {
						CreatedOnToolsVersion = 15.0.1;
					};
				};
			};
			buildConfigurationList = 246F4F182B29C47E003ABDF3 /* Build configuration list for PBXProject "Solution_5.2" */;
			compatibilityVersion = "Xcode 14.0";
			developmentRegion = en;
			hasScannedForEncodings = 0;
			knownRegions = (
				en,
				Base,
			);
			mainGroup = 246F4F142B29C47E003ABDF3;
			productRefGroup = 246F4F1E2B29C47E003ABDF3 /* Products */;
			projectDirPath = "";
			projectRoot = "";
			targets = (
				246F4F1C2B29C47E003ABDF3 /* Solution_5.2 */,
			);
		};
/* End PBXProject section */

/* Begin PBXResourcesBuildPhase section */
		246F4F1B2B29C47E003ABDF3 /* Resources */ = {
			isa = PBXResourcesBuildPhase;
			buildActionMask = 2147483647;
			files = (
				24BEA0B52B2C8FD0002F956D /* userModelData.json in Resources */,
				246F4F282B29C480003ABDF3 /* Preview Assets.xcassets in Resources */,
				246F4F252B29C480003ABDF3 /* Assets.xcassets in Resources */,
			);
			runOnlyForDeploymentPostprocessing = 0;
		};
/* End PBXResourcesBuildPhase section */

/* Begin PBXSourcesBuildPhase section */
		246F4F192B29C47E003ABDF3 /* Sources */ = {
			isa = PBXSourcesBuildPhase;
			buildActionMask = 2147483647;
			files = (
				24BEA0B02B2C8F5B002F956D /* TopView.swift in Sources */,
				24BEA0AB2B2C8F04002F956D /* UserResponse.swift in Sources */,
				24BEA0B72B2C9038002F956D /* NewTableView.swift in Sources */,
				24BEA0AD2B2C8F25002F956D /* Data.swift in Sources */,
				246F4F232B29C47E003ABDF3 /* ContentView.swift in Sources */,
				246F4F212B29C47E003ABDF3 /* Solution_5_2App.swift in Sources */,
				24BEA0B22B2C8F85002F956D /* Cell.swift in Sources */,
			);
			runOnlyForDeploymentPostprocessing = 0;
		};
/* End PBXSourcesBuildPhase section */

/* Begin XCBuildConfiguration section */
		246F4F292B29C480003ABDF3 /* Debug */ = {
			isa = XCBuildConfiguration;
			buildSettings = {
				ALWAYS_SEARCH_USER_PATHS = NO;
				ASSETCATALOG_COMPILER_GENERATE_SWIFT_ASSET_SYMBOL_EXTENSIONS = YES;
				CLANG_ANALYZER_NONNULL = YES;
				CLANG_ANALYZER_NUMBER_OBJECT_CONVERSION = YES_AGGRESSIVE;
				CLANG_CXX_LANGUAGE_STANDARD = "gnu++20";
				CLANG_ENABLE_MODULES = YES;
				CLANG_ENABLE_OBJC_ARC = YES;
				CLANG_ENABLE_OBJC_WEAK = YES;
				CLANG_WARN_BLOCK_CAPTURE_AUTORELEASING = YES;
				CLANG_WARN_BOOL_CONVERSION = YES;
				CLANG_WARN_COMMA = YES;
				CLANG_WARN_CONSTANT_CONVERSION = YES;
				CLANG_WARN_DEPRECATED_OBJC_IMPLEMENTATIONS = YES;
				CLANG_WARN_DIRECT_OBJC_ISA_USAGE = YES_ERROR;
				CLANG_WARN_DOCUMENTATION_COMMENTS = YES;
				CLANG_WARN_EMPTY_BODY = YES;
				CLANG_WARN_ENUM_CONVERSION = YES;
				CLANG_WARN_INFINITE_RECURSION = YES;
				CLANG_WARN_INT_CONVERSION = YES;
				CLANG_WARN_NON_LITERAL_NULL_CONVERSION = YES;
				CLANG_WARN_OBJC_IMPLICIT_RETAIN_SELF = YES;
				CLANG_WARN_OBJC_LITERAL_CONVERSION = YES;
				CLANG_WARN_OBJC_ROOT_CLASS = YES_ERROR;
				CLANG_WARN_QUOTED_INCLUDE_IN_FRAMEWORK_HEADER = YES;
				CLANG_WARN_RANGE_LOOP_ANALYSIS = YES;
				CLANG_WARN_STRICT_PROTOTYPES = YES;
				CLANG_WARN_SUSPICIOUS_MOVE = YES;
				CLANG_WARN_UNGUARDED_AVAILABILITY = YES_AGGRESSIVE;
				CLANG_WARN_UNREACHABLE_CODE = YES;
				CLANG_WARN__DUPLICATE_METHOD_MATCH = YES;
				COPY_PHASE_STRIP = NO;
				DEBUG_INFORMATION_FORMAT = dwarf;
				ENABLE_STRICT_OBJC_MSGSEND = YES;
				ENABLE_TESTABILITY = YES;
				ENABLE_USER_SCRIPT_SANDBOXING = YES;
				GCC_C_LANGUAGE_STANDARD = gnu17;
				GCC_DYNAMIC_NO_PIC = NO;
				GCC_NO_COMMON_BLOCKS = YES;
				GCC_OPTIMIZATION_LEVEL = 0;
				GCC_PREPROCESSOR_DEFINITIONS = (
					"DEBUG=1",
					"$(inherited)",
				);
				GCC_WARN_64_TO_32_BIT_CONVERSION = YES;
				GCC_WARN_ABOUT_RETURN_TYPE = YES_ERROR;
				GCC_WARN_UNDECLARED_SELECTOR = YES;
				GCC_WARN_UNINITIALIZED_AUTOS = YES_AGGRESSIVE;
				GCC_WARN_UNUSED_FUNCTION = YES;
				GCC_WARN_UNUSED_VARIABLE = YES;
				IPHONEOS_DEPLOYMENT_TARGET = 17.0;
				LOCALIZATION_PREFERS_STRING_CATALOGS = YES;
				MTL_ENABLE_DEBUG_INFO = INCLUDE_SOURCE;
				MTL_FAST_MATH = YES;
				ONLY_ACTIVE_ARCH = YES;
				SDKROOT = iphoneos;
				SWIFT_ACTIVE_COMPILATION_CONDITIONS = "DEBUG $(inherited)";
				SWIFT_OPTIMIZATION_LEVEL = "-Onone";
			};
			name = Debug;
		};
		246F4F2A2B29C480003ABDF3 /* Release */ = {
			isa = XCBuildConfiguration;
			buildSettings = {
				ALWAYS_SEARCH_USER_PATHS = NO;
				ASSETCATALOG_COMPILER_GENERATE_SWIFT_ASSET_SYMBOL_EXTENSIONS = YES;
				CLANG_ANALYZER_NONNULL = YES;
				CLANG_ANALYZER_NUMBER_OBJECT_CONVERSION = YES_AGGRESSIVE;
				CLANG_CXX_LANGUAGE_STANDARD = "gnu++20";
				CLANG_ENABLE_MODULES = YES;
				CLANG_ENABLE_OBJC_ARC = YES;
				CLANG_ENABLE_OBJC_WEAK = YES;
				CLANG_WARN_BLOCK_CAPTURE_AUTORELEASING = YES;
				CLANG_WARN_BOOL_CONVERSION = YES;
				CLANG_WARN_COMMA = YES;
				CLANG_WARN_CONSTANT_CONVERSION = YES;
				CLANG_WARN_DEPRECATED_OBJC_IMPLEMENTATIONS = YES;
				CLANG_WARN_DIRECT_OBJC_ISA_USAGE = YES_ERROR;
				CLANG_WARN_DOCUMENTATION_COMMENTS = YES;
				CLANG_WARN_EMPTY_BODY = YES;
				CLANG_WARN_ENUM_CONVERSION = YES;
				CLANG_WARN_INFINITE_RECURSION = YES;
				CLANG_WARN_INT_CONVERSION = YES;
				CLANG_WARN_NON_LITERAL_NULL_CONVERSION = YES;
				CLANG_WARN_OBJC_IMPLICIT_RETAIN_SELF = YES;
				CLANG_WARN_OBJC_LITERAL_CONVERSION = YES;
				CLANG_WARN_OBJC_ROOT_CLASS = YES_ERROR;
				CLANG_WARN_QUOTED_INCLUDE_IN_FRAMEWORK_HEADER = YES;
				CLANG_WARN_RANGE_LOOP_ANALYSIS = YES;
				CLANG_WARN_STRICT_PROTOTYPES = YES;
				CLANG_WARN_SUSPICIOUS_MOVE = YES;
				CLANG_WARN_UNGUARDED_AVAILABILITY = YES_AGGRESSIVE;
				CLANG_WARN_UNREACHABLE_CODE = YES;
				CLANG_WARN__DUPLICATE_METHOD_MATCH = YES;
				COPY_PHASE_STRIP = NO;
				DEBUG_INFORMATION_FORMAT = "dwarf-with-dsym";
				ENABLE_NS_ASSERTIONS = NO;
				ENABLE_STRICT_OBJC_MSGSEND = YES;
				ENABLE_USER_SCRIPT_SANDBOXING = YES;
				GCC_C_LANGUAGE_STANDARD = gnu17;
				GCC_NO_COMMON_BLOCKS = YES;
				GCC_WARN_64_TO_32_BIT_CONVERSION = YES;
				GCC_WARN_ABOUT_RETURN_TYPE = YES_ERROR;
				GCC_WARN_UNDECLARED_SELECTOR = YES;
				GCC_WARN_UNINITIALIZED_AUTOS = YES_AGGRESSIVE;
				GCC_WARN_UNUSED_FUNCTION = YES;
				GCC_WARN_UNUSED_VARIABLE = YES;
				IPHONEOS_DEPLOYMENT_TARGET = 17.0;
				LOCALIZATION_PREFERS_STRING_CATALOGS = YES;
				MTL_ENABLE_DEBUG_INFO = NO;
				MTL_FAST_MATH = YES;
				SDKROOT = iphoneos;
				SWIFT_COMPILATION_MODE = wholemodule;
				VALIDATE_PRODUCT = YES;
			};
			name = Release;
		};
		246F4F2C2B29C480003ABDF3 /* Debug */ = {
			isa = XCBuildConfiguration;
			buildSettings = {
				ASSETCATALOG_COMPILER_APPICON_NAME = AppIcon;
				ASSETCATALOG_COMPILER_GLOBAL_ACCENT_COLOR_NAME = AccentColor;
				CODE_SIGN_STYLE = Automatic;
				CURRENT_PROJECT_VERSION = 1;
				DEVELOPMENT_ASSET_PATHS = "\"Solution_5.2/Preview Content\"";
				DEVELOPMENT_TEAM = HSLFG92NF2;
				ENABLE_PREVIEWS = YES;
				GENERATE_INFOPLIST_FILE = YES;
				INFOPLIST_KEY_UIApplicationSceneManifest_Generation = YES;
				INFOPLIST_KEY_UIApplicationSupportsIndirectInputEvents = YES;
				INFOPLIST_KEY_UILaunchScreen_Generation = YES;
				INFOPLIST_KEY_UISupportedInterfaceOrientations_iPad = "UIInterfaceOrientationPortrait UIInterfaceOrientationPortraitUpsideDown UIInterfaceOrientationLandscapeLeft UIInterfaceOrientationLandscapeRight";
				INFOPLIST_KEY_UISupportedInterfaceOrientations_iPhone = "UIInterfaceOrientationPortrait UIInterfaceOrientationLandscapeLeft UIInterfaceOrientationLandscapeRight";
				LD_RUNPATH_SEARCH_PATHS = (
					"$(inherited)",
					"@executable_path/Frameworks",
				);
				MARKETING_VERSION = 1.0;
				PRODUCT_BUNDLE_IDENTIFIER = "com.raywenderlich.Solution-5-2";
				PRODUCT_NAME = "$(TARGET_NAME)";
				SWIFT_EMIT_LOC_STRINGS = YES;
				SWIFT_VERSION = 5.0;
				TARGETED_DEVICE_FAMILY = "1,2";
			};
			name = Debug;
		};
		246F4F2D2B29C480003ABDF3 /* Release */ = {
			isa = XCBuildConfiguration;
			buildSettings = {
				ASSETCATALOG_COMPILER_APPICON_NAME = AppIcon;
				ASSETCATALOG_COMPILER_GLOBAL_ACCENT_COLOR_NAME = AccentColor;
				CODE_SIGN_STYLE = Automatic;
				CURRENT_PROJECT_VERSION = 1;
				DEVELOPMENT_ASSET_PATHS = "\"Solution_5.2/Preview Content\"";
				DEVELOPMENT_TEAM = HSLFG92NF2;
				ENABLE_PREVIEWS = YES;
				GENERATE_INFOPLIST_FILE = YES;
				INFOPLIST_KEY_UIApplicationSceneManifest_Generation = YES;
				INFOPLIST_KEY_UIApplicationSupportsIndirectInputEvents = YES;
				INFOPLIST_KEY_UILaunchScreen_Generation = YES;
				INFOPLIST_KEY_UISupportedInterfaceOrientations_iPad = "UIInterfaceOrientationPortrait UIInterfaceOrientationPortraitUpsideDown UIInterfaceOrientationLandscapeLeft UIInterfaceOrientationLandscapeRight";
				INFOPLIST_KEY_UISupportedInterfaceOrientations_iPhone = "UIInterfaceOrientationPortrait UIInterfaceOrientationLandscapeLeft UIInterfaceOrientationLandscapeRight";
				LD_RUNPATH_SEARCH_PATHS = (
					"$(inherited)",
					"@executable_path/Frameworks",
				);
				MARKETING_VERSION = 1.0;
				PRODUCT_BUNDLE_IDENTIFIER = "com.raywenderlich.Solution-5-2";
				PRODUCT_NAME = "$(TARGET_NAME)";
				SWIFT_EMIT_LOC_STRINGS = YES;
				SWIFT_VERSION = 5.0;
				TARGETED_DEVICE_FAMILY = "1,2";
			};
			name = Release;
		};
/* End XCBuildConfiguration section */

/* Begin XCConfigurationList section */
		246F4F182B29C47E003ABDF3 /* Build configuration list for PBXProject "Solution_5.2" */ = {
			isa = XCConfigurationList;
			buildConfigurations = (
				246F4F292B29C480003ABDF3 /* Debug */,
				246F4F2A2B29C480003ABDF3 /* Release */,
			);
			defaultConfigurationIsVisible = 0;
			defaultConfigurationName = Release;
		};
		246F4F2B2B29C480003ABDF3 /* Build configuration list for PBXNativeTarget "Solution_5.2" */ = {
			isa = XCConfigurationList;
			buildConfigurations = (
				246F4F2C2B29C480003ABDF3 /* Debug */,
				246F4F2D2B29C480003ABDF3 /* Release */,
			);
			defaultConfigurationIsVisible = 0;
			defaultConfigurationName = Release;
		};
/* End XCConfigurationList section */
	};
	rootObject = 246F4F152B29C47E003ABDF3 /* Project object */;
}
