// !$*UTF8*$!
{
	archiveVersion = 1;
	classes = {
	};
	objectVersion = 56;
	objects = {

/* Begin PBXBuildFile section */
		243EBA482B26EF7C005937BF /* AppDelegate.swift in Sources */ = {isa = PBXBuildFile; fileRef = 243EBA472B26EF7C005937BF /* AppDelegate.swift */; };
		243EBA4A2B26EF7C005937BF /* SceneDelegate.swift in Sources */ = {isa = PBXBuildFile; fileRef = 243EBA492B26EF7C005937BF /* SceneDelegate.swift */; };
		243EBA4C2B26EF7C005937BF /* ViewController.swift in Sources */ = {isa = PBXBuildFile; fileRef = 243EBA4B2B26EF7C005937BF /* ViewController.swift */; };
		243EBA512B26EF7D005937BF /* Assets.xcassets in Resources */ = {isa = PBXBuildFile; fileRef = 243EBA502B26EF7D005937BF /* Assets.xcassets */; };
		243EBA542B26EF7D005937BF /* LaunchScreen.storyboard in Resources */ = {isa = PBXBuildFile; fileRef = 243EBA522B26EF7D005937BF /* LaunchScreen.storyboard */; };
		243EBA5C2B26EFDA005937BF /* TabBarController.swift in Sources */ = {isa = PBXBuildFile; fileRef = 243EBA5B2B26EFDA005937BF /* TabBarController.swift */; };
		243EBA5E2B26EFF8005937BF /* ViewControllerFrends.swift in Sources */ = {isa = PBXBuildFile; fileRef = 243EBA5D2B26EFF8005937BF /* ViewControllerFrends.swift */; };
		243EBA602B26F017005937BF /* CollectionViewCell.swift in Sources */ = {isa = PBXBuildFile; fileRef = 243EBA5F2B26F017005937BF /* CollectionViewCell.swift */; };
		243EBA622B26F02F005937BF /* CustomTableViewCell.swift in Sources */ = {isa = PBXBuildFile; fileRef = 243EBA612B26F02F005937BF /* CustomTableViewCell.swift */; };
		243EBA642B26F14A005937BF /* Frends.swift in Sources */ = {isa = PBXBuildFile; fileRef = 243EBA632B26F14A005937BF /* Frends.swift */; };
		243EBA662B26F15E005937BF /* NetworkServisFrends.swift in Sources */ = {isa = PBXBuildFile; fileRef = 243EBA652B26F15E005937BF /* NetworkServisFrends.swift */; };
		243EBA682B26F177005937BF /* ViewControllerGroups.swift in Sources */ = {isa = PBXBuildFile; fileRef = 243EBA672B26F177005937BF /* ViewControllerGroups.swift */; };
		243EBA6A2B26F18E005937BF /* Groups.swift in Sources */ = {isa = PBXBuildFile; fileRef = 243EBA692B26F18E005937BF /* Groups.swift */; };
		243EBA6C2B26F1A4005937BF /* NetworkServisGroups.swift in Sources */ = {isa = PBXBuildFile; fileRef = 243EBA6B2B26F1A4005937BF /* NetworkServisGroups.swift */; };
		243EBA6E2B26F1B9005937BF /* ViewControllerPhotos.swift in Sources */ = {isa = PBXBuildFile; fileRef = 243EBA6D2B26F1B9005937BF /* ViewControllerPhotos.swift */; };
		243EBA702B26F1E1005937BF /* Photos.swift in Sources */ = {isa = PBXBuildFile; fileRef = 243EBA6F2B26F1E1005937BF /* Photos.swift */; };
		243EBA722B26F215005937BF /* NetworkServisPhotos.swift in Sources */ = {isa = PBXBuildFile; fileRef = 243EBA712B26F215005937BF /* NetworkServisPhotos.swift */; };
		243EBA742B26F265005937BF /* CollectionViewFlowLayoutCards.swift in Sources */ = {isa = PBXBuildFile; fileRef = 243EBA732B26F265005937BF /* CollectionViewFlowLayoutCards.swift */; };
		243EBA762B26F27A005937BF /* CollectionViewCards.swift in Sources */ = {isa = PBXBuildFile; fileRef = 243EBA752B26F27A005937BF /* CollectionViewCards.swift */; };
/* End PBXBuildFile section */

/* Begin PBXFileReference section */
		243EBA442B26EF7C005937BF /* Seminar_4.app */ = {isa = PBXFileReference; explicitFileType = wrapper.application; includeInIndex = 0; path = Seminar_4.app; sourceTree = BUILT_PRODUCTS_DIR; };
		243EBA472B26EF7C005937BF /* AppDelegate.swift */ = {isa = PBXFileReference; lastKnownFileType = sourcecode.swift; path = AppDelegate.swift; sourceTree = "<group>"; };
		243EBA492B26EF7C005937BF /* SceneDelegate.swift */ = {isa = PBXFileReference; lastKnownFileType = sourcecode.swift; path = SceneDelegate.swift; sourceTree = "<group>"; };
		243EBA4B2B26EF7C005937BF /* ViewController.swift */ = {isa = PBXFileReference; lastKnownFileType = sourcecode.swift; path = ViewController.swift; sourceTree = "<group>"; };
		243EBA502B26EF7D005937BF /* Assets.xcassets */ = {isa = PBXFileReference; lastKnownFileType = folder.assetcatalog; path = Assets.xcassets; sourceTree = "<group>"; };
		243EBA532B26EF7D005937BF /* Base */ = {isa = PBXFileReference; lastKnownFileType = file.storyboard; name = Base; path = Base.lproj/LaunchScreen.storyboard; sourceTree = "<group>"; };
		243EBA552B26EF7D005937BF /* Info.plist */ = {isa = PBXFileReference; lastKnownFileType = text.plist.xml; path = Info.plist; sourceTree = "<group>"; };
		243EBA5B2B26EFDA005937BF /* TabBarController.swift */ = {isa = PBXFileReference; lastKnownFileType = sourcecode.swift; path = TabBarController.swift; sourceTree = "<group>"; };
		243EBA5D2B26EFF8005937BF /* ViewControllerFrends.swift */ = {isa = PBXFileReference; lastKnownFileType = sourcecode.swift; path = ViewControllerFrends.swift; sourceTree = "<group>"; };
		243EBA5F2B26F017005937BF /* CollectionViewCell.swift */ = {isa = PBXFileReference; lastKnownFileType = sourcecode.swift; path = CollectionViewCell.swift; sourceTree = "<group>"; };
		243EBA612B26F02F005937BF /* CustomTableViewCell.swift */ = {isa = PBXFileReference; lastKnownFileType = sourcecode.swift; path = CustomTableViewCell.swift; sourceTree = "<group>"; };
		243EBA632B26F14A005937BF /* Frends.swift */ = {isa = PBXFileReference; lastKnownFileType = sourcecode.swift; path = Frends.swift; sourceTree = "<group>"; };
		243EBA652B26F15E005937BF /* NetworkServisFrends.swift */ = {isa = PBXFileReference; lastKnownFileType = sourcecode.swift; path = NetworkServisFrends.swift; sourceTree = "<group>"; };
		243EBA672B26F177005937BF /* ViewControllerGroups.swift */ = {isa = PBXFileReference; lastKnownFileType = sourcecode.swift; path = ViewControllerGroups.swift; sourceTree = "<group>"; };
		243EBA692B26F18E005937BF /* Groups.swift */ = {isa = PBXFileReference; lastKnownFileType = sourcecode.swift; path = Groups.swift; sourceTree = "<group>"; };
		243EBA6B2B26F1A4005937BF /* NetworkServisGroups.swift */ = {isa = PBXFileReference; lastKnownFileType = sourcecode.swift; path = NetworkServisGroups.swift; sourceTree = "<group>"; };
		243EBA6D2B26F1B9005937BF /* ViewControllerPhotos.swift */ = {isa = PBXFileReference; lastKnownFileType = sourcecode.swift; path = ViewControllerPhotos.swift; sourceTree = "<group>"; };
		243EBA6F2B26F1E1005937BF /* Photos.swift */ = {isa = PBXFileReference; lastKnownFileType = sourcecode.swift; path = Photos.swift; sourceTree = "<group>"; };
		243EBA712B26F215005937BF /* NetworkServisPhotos.swift */ = {isa = PBXFileReference; lastKnownFileType = sourcecode.swift; path = NetworkServisPhotos.swift; sourceTree = "<group>"; };
		243EBA732B26F265005937BF /* CollectionViewFlowLayoutCards.swift */ = {isa = PBXFileReference; lastKnownFileType = sourcecode.swift; path = CollectionViewFlowLayoutCards.swift; sourceTree = "<group>"; };
		243EBA752B26F27A005937BF /* CollectionViewCards.swift */ = {isa = PBXFileReference; lastKnownFileType = sourcecode.swift; path = CollectionViewCards.swift; sourceTree = "<group>"; };
/* End PBXFileReference section */

/* Begin PBXFrameworksBuildPhase section */
		243EBA412B26EF7C005937BF /* Frameworks */ = {
			isa = PBXFrameworksBuildPhase;
			buildActionMask = 2147483647;
			files = (
			);
			runOnlyForDeploymentPostprocessing = 0;
		};
/* End PBXFrameworksBuildPhase section */

/* Begin PBXGroup section */
		243EBA3B2B26EF7C005937BF = {
			isa = PBXGroup;
			children = (
				243EBA462B26EF7C005937BF /* Seminar_4 */,
				243EBA452B26EF7C005937BF /* Products */,
			);
			sourceTree = "<group>";
		};
		243EBA452B26EF7C005937BF /* Products */ = {
			isa = PBXGroup;
			children = (
				243EBA442B26EF7C005937BF /* Seminar_4.app */,
			);
			name = Products;
			sourceTree = "<group>";
		};
		243EBA462B26EF7C005937BF /* Seminar_4 */ = {
			isa = PBXGroup;
			children = (
				243EBA472B26EF7C005937BF /* AppDelegate.swift */,
				243EBA492B26EF7C005937BF /* SceneDelegate.swift */,
				243EBA4B2B26EF7C005937BF /* ViewController.swift */,
				243EBA5B2B26EFDA005937BF /* TabBarController.swift */,
				243EBA5D2B26EFF8005937BF /* ViewControllerFrends.swift */,
				243EBA5F2B26F017005937BF /* CollectionViewCell.swift */,
				243EBA612B26F02F005937BF /* CustomTableViewCell.swift */,
				243EBA632B26F14A005937BF /* Frends.swift */,
				243EBA652B26F15E005937BF /* NetworkServisFrends.swift */,
				243EBA672B26F177005937BF /* ViewControllerGroups.swift */,
				243EBA692B26F18E005937BF /* Groups.swift */,
				243EBA6B2B26F1A4005937BF /* NetworkServisGroups.swift */,
				243EBA6D2B26F1B9005937BF /* ViewControllerPhotos.swift */,
				243EBA6F2B26F1E1005937BF /* Photos.swift */,
				243EBA712B26F215005937BF /* NetworkServisPhotos.swift */,
				243EBA732B26F265005937BF /* CollectionViewFlowLayoutCards.swift */,
				243EBA752B26F27A005937BF /* CollectionViewCards.swift */,
				243EBA502B26EF7D005937BF /* Assets.xcassets */,
				243EBA522B26EF7D005937BF /* LaunchScreen.storyboard */,
				243EBA552B26EF7D005937BF /* Info.plist */,
			);
			path = Seminar_4;
			sourceTree = "<group>";
		};
/* End PBXGroup section */

/* Begin PBXNativeTarget section */
		243EBA432B26EF7C005937BF /* Seminar_4 */ = {
			isa = PBXNativeTarget;
			buildConfigurationList = 243EBA582B26EF7D005937BF /* Build configuration list for PBXNativeTarget "Seminar_4" */;
			buildPhases = (
				243EBA402B26EF7C005937BF /* Sources */,
				243EBA412B26EF7C005937BF /* Frameworks */,
				243EBA422B26EF7C005937BF /* Resources */,
			);
			buildRules = (
			);
			dependencies = (
			);
			name = Seminar_4;
			productName = Seminar_4;
			productReference = 243EBA442B26EF7C005937BF /* Seminar_4.app */;
			productType = "com.apple.product-type.application";
		};
/* End PBXNativeTarget section */

/* Begin PBXProject section */
		243EBA3C2B26EF7C005937BF /* Project object */ = {
			isa = PBXProject;
			attributes = {
				BuildIndependentTargetsInParallel = 1;
				LastSwiftUpdateCheck = 1500;
				LastUpgradeCheck = 1500;
				TargetAttributes = {
					243EBA432B26EF7C005937BF = {
						CreatedOnToolsVersion = 15.0.1;
					};
				};
			};
			buildConfigurationList = 243EBA3F2B26EF7C005937BF /* Build configuration list for PBXProject "Seminar_4" */;
			compatibilityVersion = "Xcode 14.0";
			developmentRegion = en;
			hasScannedForEncodings = 0;
			knownRegions = (
				en,
				Base,
			);
			mainGroup = 243EBA3B2B26EF7C005937BF;
			productRefGroup = 243EBA452B26EF7C005937BF /* Products */;
			projectDirPath = "";
			projectRoot = "";
			targets = (
				243EBA432B26EF7C005937BF /* Seminar_4 */,
			);
		};
/* End PBXProject section */

/* Begin PBXResourcesBuildPhase section */
		243EBA422B26EF7C005937BF /* Resources */ = {
			isa = PBXResourcesBuildPhase;
			buildActionMask = 2147483647;
			files = (
				243EBA542B26EF7D005937BF /* LaunchScreen.storyboard in Resources */,
				243EBA512B26EF7D005937BF /* Assets.xcassets in Resources */,
			);
			runOnlyForDeploymentPostprocessing = 0;
		};
/* End PBXResourcesBuildPhase section */

/* Begin PBXSourcesBuildPhase section */
		243EBA402B26EF7C005937BF /* Sources */ = {
			isa = PBXSourcesBuildPhase;
			buildActionMask = 2147483647;
			files = (
				243EBA4C2B26EF7C005937BF /* ViewController.swift in Sources */,
				243EBA642B26F14A005937BF /* Frends.swift in Sources */,
				243EBA6E2B26F1B9005937BF /* ViewControllerPhotos.swift in Sources */,
				243EBA722B26F215005937BF /* NetworkServisPhotos.swift in Sources */,
				243EBA6A2B26F18E005937BF /* Groups.swift in Sources */,
				243EBA5E2B26EFF8005937BF /* ViewControllerFrends.swift in Sources */,
				243EBA602B26F017005937BF /* CollectionViewCell.swift in Sources */,
				243EBA702B26F1E1005937BF /* Photos.swift in Sources */,
				243EBA742B26F265005937BF /* CollectionViewFlowLayoutCards.swift in Sources */,
				243EBA762B26F27A005937BF /* CollectionViewCards.swift in Sources */,
				243EBA622B26F02F005937BF /* CustomTableViewCell.swift in Sources */,
				243EBA6C2B26F1A4005937BF /* NetworkServisGroups.swift in Sources */,
				243EBA662B26F15E005937BF /* NetworkServisFrends.swift in Sources */,
				243EBA5C2B26EFDA005937BF /* TabBarController.swift in Sources */,
				243EBA482B26EF7C005937BF /* AppDelegate.swift in Sources */,
				243EBA682B26F177005937BF /* ViewControllerGroups.swift in Sources */,
				243EBA4A2B26EF7C005937BF /* SceneDelegate.swift in Sources */,
			);
			runOnlyForDeploymentPostprocessing = 0;
		};
/* End PBXSourcesBuildPhase section */

/* Begin PBXVariantGroup section */
		243EBA522B26EF7D005937BF /* LaunchScreen.storyboard */ = {
			isa = PBXVariantGroup;
			children = (
				243EBA532B26EF7D005937BF /* Base */,
			);
			name = LaunchScreen.storyboard;
			sourceTree = "<group>";
		};
/* End PBXVariantGroup section */

/* Begin XCBuildConfiguration section */
		243EBA562B26EF7D005937BF /* Debug */ = {
			isa = XCBuildConfiguration;
			buildSettings = {
				ALWAYS_SEARCH_USER_PATHS = NO;
				ASSETCATALOG_COMPILER_GENERATE_SWIFT_ASSET_SYMBOL_EXTENSIONS = YES;
				CLANG_ANALYZER_NONNULL = YES;
				CLANG_ANALYZER_NUMBER_OBJECT_CONVERSION = YES_AGGRESSIVE;
				CLANG_CXX_LANGUAGE_STANDARD = "gnu++20";
				CLANG_ENABLE_MODULES = YES;
				CLANG_ENABLE_OBJC_ARC = YES;
				CLANG_ENABLE_OBJC_WEAK = YES;
				CLANG_WARN_BLOCK_CAPTURE_AUTORELEASING = YES;
				CLANG_WARN_BOOL_CONVERSION = YES;
				CLANG_WARN_COMMA = YES;
				CLANG_WARN_CONSTANT_CONVERSION = YES;
				CLANG_WARN_DEPRECATED_OBJC_IMPLEMENTATIONS = YES;
				CLANG_WARN_DIRECT_OBJC_ISA_USAGE = YES_ERROR;
				CLANG_WARN_DOCUMENTATION_COMMENTS = YES;
				CLANG_WARN_EMPTY_BODY = YES;
				CLANG_WARN_ENUM_CONVERSION = YES;
				CLANG_WARN_INFINITE_RECURSION = YES;
				CLANG_WARN_INT_CONVERSION = YES;
				CLANG_WARN_NON_LITERAL_NULL_CONVERSION = YES;
				CLANG_WARN_OBJC_IMPLICIT_RETAIN_SELF = YES;
				CLANG_WARN_OBJC_LITERAL_CONVERSION = YES;
				CLANG_WARN_OBJC_ROOT_CLASS = YES_ERROR;
				CLANG_WARN_QUOTED_INCLUDE_IN_FRAMEWORK_HEADER = YES;
				CLANG_WARN_RANGE_LOOP_ANALYSIS = YES;
				CLANG_WARN_STRICT_PROTOTYPES = YES;
				CLANG_WARN_SUSPICIOUS_MOVE = YES;
				CLANG_WARN_UNGUARDED_AVAILABILITY = YES_AGGRESSIVE;
				CLANG_WARN_UNREACHABLE_CODE = YES;
				CLANG_WARN__DUPLICATE_METHOD_MATCH = YES;
				COPY_PHASE_STRIP = NO;
				DEBUG_INFORMATION_FORMAT = dwarf;
				ENABLE_STRICT_OBJC_MSGSEND = YES;
				ENABLE_TESTABILITY = YES;
				ENABLE_USER_SCRIPT_SANDBOXING = YES;
				GCC_C_LANGUAGE_STANDARD = gnu17;
				GCC_DYNAMIC_NO_PIC = NO;
				GCC_NO_COMMON_BLOCKS = YES;
				GCC_OPTIMIZATION_LEVEL = 0;
				GCC_PREPROCESSOR_DEFINITIONS = (
					"DEBUG=1",
					"$(inherited)",
				);
				GCC_WARN_64_TO_32_BIT_CONVERSION = YES;
				GCC_WARN_ABOUT_RETURN_TYPE = YES_ERROR;
				GCC_WARN_UNDECLARED_SELECTOR = YES;
				GCC_WARN_UNINITIALIZED_AUTOS = YES_AGGRESSIVE;
				GCC_WARN_UNUSED_FUNCTION = YES;
				GCC_WARN_UNUSED_VARIABLE = YES;
				IPHONEOS_DEPLOYMENT_TARGET = 17.0;
				LOCALIZATION_PREFERS_STRING_CATALOGS = YES;
				MTL_ENABLE_DEBUG_INFO = INCLUDE_SOURCE;
				MTL_FAST_MATH = YES;
				ONLY_ACTIVE_ARCH = YES;
				SDKROOT = iphoneos;
				SWIFT_ACTIVE_COMPILATION_CONDITIONS = "DEBUG $(inherited)";
				SWIFT_OPTIMIZATION_LEVEL = "-Onone";
			};
			name = Debug;
		};
		243EBA572B26EF7D005937BF /* Release */ = {
			isa = XCBuildConfiguration;
			buildSettings = {
				ALWAYS_SEARCH_USER_PATHS = NO;
				ASSETCATALOG_COMPILER_GENERATE_SWIFT_ASSET_SYMBOL_EXTENSIONS = YES;
				CLANG_ANALYZER_NONNULL = YES;
				CLANG_ANALYZER_NUMBER_OBJECT_CONVERSION = YES_AGGRESSIVE;
				CLANG_CXX_LANGUAGE_STANDARD = "gnu++20";
				CLANG_ENABLE_MODULES = YES;
				CLANG_ENABLE_OBJC_ARC = YES;
				CLANG_ENABLE_OBJC_WEAK = YES;
				CLANG_WARN_BLOCK_CAPTURE_AUTORELEASING = YES;
				CLANG_WARN_BOOL_CONVERSION = YES;
				CLANG_WARN_COMMA = YES;
				CLANG_WARN_CONSTANT_CONVERSION = YES;
				CLANG_WARN_DEPRECATED_OBJC_IMPLEMENTATIONS = YES;
				CLANG_WARN_DIRECT_OBJC_ISA_USAGE = YES_ERROR;
				CLANG_WARN_DOCUMENTATION_COMMENTS = YES;
				CLANG_WARN_EMPTY_BODY = YES;
				CLANG_WARN_ENUM_CONVERSION = YES;
				CLANG_WARN_INFINITE_RECURSION = YES;
				CLANG_WARN_INT_CONVERSION = YES;
				CLANG_WARN_NON_LITERAL_NULL_CONVERSION = YES;
				CLANG_WARN_OBJC_IMPLICIT_RETAIN_SELF = YES;
				CLANG_WARN_OBJC_LITERAL_CONVERSION = YES;
				CLANG_WARN_OBJC_ROOT_CLASS = YES_ERROR;
				CLANG_WARN_QUOTED_INCLUDE_IN_FRAMEWORK_HEADER = YES;
				CLANG_WARN_RANGE_LOOP_ANALYSIS = YES;
				CLANG_WARN_STRICT_PROTOTYPES = YES;
				CLANG_WARN_SUSPICIOUS_MOVE = YES;
				CLANG_WARN_UNGUARDED_AVAILABILITY = YES_AGGRESSIVE;
				CLANG_WARN_UNREACHABLE_CODE = YES;
				CLANG_WARN__DUPLICATE_METHOD_MATCH = YES;
				COPY_PHASE_STRIP = NO;
				DEBUG_INFORMATION_FORMAT = "dwarf-with-dsym";
				ENABLE_NS_ASSERTIONS = NO;
				ENABLE_STRICT_OBJC_MSGSEND = YES;
				ENABLE_USER_SCRIPT_SANDBOXING = YES;
				GCC_C_LANGUAGE_STANDARD = gnu17;
				GCC_NO_COMMON_BLOCKS = YES;
				GCC_WARN_64_TO_32_BIT_CONVERSION = YES;
				GCC_WARN_ABOUT_RETURN_TYPE = YES_ERROR;
				GCC_WARN_UNDECLARED_SELECTOR = YES;
				GCC_WARN_UNINITIALIZED_AUTOS = YES_AGGRESSIVE;
				GCC_WARN_UNUSED_FUNCTION = YES;
				GCC_WARN_UNUSED_VARIABLE = YES;
				IPHONEOS_DEPLOYMENT_TARGET = 17.0;
				LOCALIZATION_PREFERS_STRING_CATALOGS = YES;
				MTL_ENABLE_DEBUG_INFO = NO;
				MTL_FAST_MATH = YES;
				SDKROOT = iphoneos;
				SWIFT_COMPILATION_MODE = wholemodule;
				VALIDATE_PRODUCT = YES;
			};
			name = Release;
		};
		243EBA592B26EF7D005937BF /* Debug */ = {
			isa = XCBuildConfiguration;
			buildSettings = {
				ASSETCATALOG_COMPILER_APPICON_NAME = AppIcon;
				ASSETCATALOG_COMPILER_GLOBAL_ACCENT_COLOR_NAME = AccentColor;
				CODE_SIGN_STYLE = Automatic;
				CURRENT_PROJECT_VERSION = 1;
				DEVELOPMENT_TEAM = HSLFG92NF2;
				GENERATE_INFOPLIST_FILE = YES;
				INFOPLIST_FILE = Seminar_4/Info.plist;
				INFOPLIST_KEY_UIApplicationSupportsIndirectInputEvents = YES;
				INFOPLIST_KEY_UILaunchStoryboardName = LaunchScreen;
				INFOPLIST_KEY_UISupportedInterfaceOrientations_iPad = "UIInterfaceOrientationPortrait UIInterfaceOrientationPortraitUpsideDown UIInterfaceOrientationLandscapeLeft UIInterfaceOrientationLandscapeRight";
				INFOPLIST_KEY_UISupportedInterfaceOrientations_iPhone = "UIInterfaceOrientationPortrait UIInterfaceOrientationLandscapeLeft UIInterfaceOrientationLandscapeRight";
				LD_RUNPATH_SEARCH_PATHS = (
					"$(inherited)",
					"@executable_path/Frameworks",
				);
				MARKETING_VERSION = 1.0;
				PRODUCT_BUNDLE_IDENTIFIER = "com.raywenderlich.Seminar-4";
				PRODUCT_NAME = "$(TARGET_NAME)";
				SWIFT_EMIT_LOC_STRINGS = YES;
				SWIFT_VERSION = 5.0;
				TARGETED_DEVICE_FAMILY = "1,2";
			};
			name = Debug;
		};
		243EBA5A2B26EF7D005937BF /* Release */ = {
			isa = XCBuildConfiguration;
			buildSettings = {
				ASSETCATALOG_COMPILER_APPICON_NAME = AppIcon;
				ASSETCATALOG_COMPILER_GLOBAL_ACCENT_COLOR_NAME = AccentColor;
				CODE_SIGN_STYLE = Automatic;
				CURRENT_PROJECT_VERSION = 1;
				DEVELOPMENT_TEAM = HSLFG92NF2;
				GENERATE_INFOPLIST_FILE = YES;
				INFOPLIST_FILE = Seminar_4/Info.plist;
				INFOPLIST_KEY_UIApplicationSupportsIndirectInputEvents = YES;
				INFOPLIST_KEY_UILaunchStoryboardName = LaunchScreen;
				INFOPLIST_KEY_UISupportedInterfaceOrientations_iPad = "UIInterfaceOrientationPortrait UIInterfaceOrientationPortraitUpsideDown UIInterfaceOrientationLandscapeLeft UIInterfaceOrientationLandscapeRight";
				INFOPLIST_KEY_UISupportedInterfaceOrientations_iPhone = "UIInterfaceOrientationPortrait UIInterfaceOrientationLandscapeLeft UIInterfaceOrientationLandscapeRight";
				LD_RUNPATH_SEARCH_PATHS = (
					"$(inherited)",
					"@executable_path/Frameworks",
				);
				MARKETING_VERSION = 1.0;
				PRODUCT_BUNDLE_IDENTIFIER = "com.raywenderlich.Seminar-4";
				PRODUCT_NAME = "$(TARGET_NAME)";
				SWIFT_EMIT_LOC_STRINGS = YES;
				SWIFT_VERSION = 5.0;
				TARGETED_DEVICE_FAMILY = "1,2";
			};
			name = Release;
		};
/* End XCBuildConfiguration section */

/* Begin XCConfigurationList section */
		243EBA3F2B26EF7C005937BF /* Build configuration list for PBXProject "Seminar_4" */ = {
			isa = XCConfigurationList;
			buildConfigurations = (
				243EBA562B26EF7D005937BF /* Debug */,
				243EBA572B26EF7D005937BF /* Release */,
			);
			defaultConfigurationIsVisible = 0;
			defaultConfigurationName = Release;
		};
		243EBA582B26EF7D005937BF /* Build configuration list for PBXNativeTarget "Seminar_4" */ = {
			isa = XCConfigurationList;
			buildConfigurations = (
				243EBA592B26EF7D005937BF /* Debug */,
				243EBA5A2B26EF7D005937BF /* Release */,
			);
			defaultConfigurationIsVisible = 0;
			defaultConfigurationName = Release;
		};
/* End XCConfigurationList section */
	};
	rootObject = 243EBA3C2B26EF7C005937BF /* Project object */;
}
